
Microsoft Visual Studio Solution File, Format Version 12.00
# Visual Studio Version 17
VisualStudioVersion = 17.12.35527.113
MinimumVisualStudioVersion = 10.0.40219.1
Project("{FAE04EC0-301F-11D3-BF4B-00C04F79EFBC}") = "Dashborad", "Dashborad\Dashborad.csproj", "{AEA9747C-D900-48C0-9A75-870281D151C7}"
EndProject
Global
	GlobalSection(SolutionConfigurationPlatforms) = preSolution
		Debug|Any CPU = Debug|Any CPU
		Release|Any CPU = Release|Any CPU
	EndGlobalSection
	GlobalSection(ProjectConfigurationPlatforms) = postSolution
		{AEA9747C-D900-48C0-9A75-870281D151C7}.Debug|Any CPU.ActiveCfg = Debug|Any CPU
		{AEA9747C-D900-48C0-9A75-870281D151C7}.Debug|Any CPU.Build.0 = Debug|Any CPU
		{AEA9747C-D900-48C0-9A75-870281D151C7}.Release|Any CPU.ActiveCfg = Release|Any CPU
		{AEA9747C-D900-48C0-9A75-870281D151C7}.Release|Any CPU.Build.0 = Release|Any CPU
	EndGlobalSection
	GlobalSection(SolutionProperties) = preSolution
		HideSolutionNode = FALSE
	EndGlobalSection
	GlobalSection(ExtensibilityGlobals) = postSolution
		SolutionGuid = {99004F75-BD9E-4A2B-B8BE-5EDF621854E0}
	EndGlobalSection
EndGlobal
